
Microsoft Visual Studio Solution File, Format Version 12.00
# Visual Studio Version 17
VisualStudioVersion = 17.14.36203.30 d17.14
MinimumVisualStudioVersion = 10.0.40219.1
Project("{FAE04EC0-301F-11D3-BF4B-00C04F79EFBC}") = "PracApp", "PracApp.csproj", "{8280FF94-15F7-4047-B05A-097107D66F95}"
EndProject
Global
	GlobalSection(SolutionConfigurationPlatforms) = preSolution
		Debug|Any CPU = Debug|Any CPU
		Release|Any CPU = Release|Any CPU
	EndGlobalSection
	GlobalSection(ProjectConfigurationPlatforms) = postSolution
		{8280FF94-15F7-4047-B05A-097107D66F95}.Debug|Any CPU.ActiveCfg = Debug|Any CPU
		{8280FF94-15F7-4047-B05A-097107D66F95}.Debug|Any CPU.Build.0 = Debug|Any CPU
		{8280FF94-15F7-4047-B05A-097107D66F95}.Release|Any CPU.ActiveCfg = Release|Any CPU
		{8280FF94-15F7-4047-B05A-097107D66F95}.Release|Any CPU.Build.0 = Release|Any CPU
	EndGlobalSection
	GlobalSection(SolutionProperties) = preSolution
		HideSolutionNode = FALSE
	EndGlobalSection
	GlobalSection(ExtensibilityGlobals) = postSolution
		SolutionGuid = {2DD73E49-6959-47C6-9928-104EA1107415}
	EndGlobalSection
EndGlobal
